
Microsoft Visual Studio Solution File, Format Version 12.00
# Visual Studio 15
VisualStudioVersion = 15.0.28307.271
MinimumVisualStudioVersion = 10.0.40219.1
Project("{9A19103F-16F7-4668-BE54-9A1E7A4F7556}") = "HttpClientServices.Core", "HttpClientServices.Core\HttpClientServices.Core.csproj", "{05793019-E4CF-4A3E-915D-11131CD428FC}"
EndProject
Project("{2150E333-8FDC-42A3-9474-1A3956D46DE8}") = "Tests", "Tests", "{D0B02E73-8A28-4173-94E2-A1EFF57ABC63}"
EndProject
Project("{FAE04EC0-301F-11D3-BF4B-00C04F79EFBC}") = "HttpClientServices.Core.UnitTests", "HttpClientServices.Core.UnitTests\HttpClientServices.Core.UnitTests.csproj", "{14AAB280-5CE1-4145-BB13-40E1369A55E1}"
EndProject
Global
	GlobalSection(SolutionConfigurationPlatforms) = preSolution
		Debug|Any CPU = Debug|Any CPU
		Release|Any CPU = Release|Any CPU
	EndGlobalSection
	GlobalSection(ProjectConfigurationPlatforms) = postSolution
		{05793019-E4CF-4A3E-915D-11131CD428FC}.Debug|Any CPU.ActiveCfg = Debug|Any CPU
		{05793019-E4CF-4A3E-915D-11131CD428FC}.Debug|Any CPU.Build.0 = Debug|Any CPU
		{05793019-E4CF-4A3E-915D-11131CD428FC}.Release|Any CPU.ActiveCfg = Release|Any CPU
		{05793019-E4CF-4A3E-915D-11131CD428FC}.Release|Any CPU.Build.0 = Release|Any CPU
		{14AAB280-5CE1-4145-BB13-40E1369A55E1}.Debug|Any CPU.ActiveCfg = Debug|Any CPU
		{14AAB280-5CE1-4145-BB13-40E1369A55E1}.Debug|Any CPU.Build.0 = Debug|Any CPU
		{14AAB280-5CE1-4145-BB13-40E1369A55E1}.Release|Any CPU.ActiveCfg = Release|Any CPU
		{14AAB280-5CE1-4145-BB13-40E1369A55E1}.Release|Any CPU.Build.0 = Release|Any CPU
	EndGlobalSection
	GlobalSection(SolutionProperties) = preSolution
		HideSolutionNode = FALSE
	EndGlobalSection
	GlobalSection(NestedProjects) = preSolution
		{14AAB280-5CE1-4145-BB13-40E1369A55E1} = {D0B02E73-8A28-4173-94E2-A1EFF57ABC63}
	EndGlobalSection
	GlobalSection(ExtensibilityGlobals) = postSolution
		SolutionGuid = {68BF59AC-A70C-46BB-943B-CE81F79131BC}
	EndGlobalSection
EndGlobal
